// !$*UTF8*$!
{
	archiveVersion = 1;
	classes = {
	};
	objectVersion = 46;
	objects = {

/* Begin PBXBuildFile section */
		53462DDF1F1FDBB6001DCD44 /* RCTYouTubeStandalone.m in Sources */ = {isa = PBXBuildFile; fileRef = 53462DDE1F1FDBB6001DCD44 /* RCTYouTubeStandalone.m */; };
		8B26A9141B428A53000C2690 /* YTPlayerView.m in Sources */ = {isa = PBXBuildFile; fileRef = 8B26A9131B428A53000C2690 /* YTPlayerView.m */; };
		8B26A91B1B428AA2000C2690 /* RCTYouTube.m in Sources */ = {isa = PBXBuildFile; fileRef = 8B26A9181B428AA2000C2690 /* RCTYouTube.m */; };
		8B26A91C1B428AA2000C2690 /* RCTYouTubeManager.m in Sources */ = {isa = PBXBuildFile; fileRef = 8B26A91A1B428AA2000C2690 /* RCTYouTubeManager.m */; };
		E4CBBDDA228B68D000E611AB /* XCDYouTubeVideoOperation.m in Sources */ = {isa = PBXBuildFile; fileRef = E4CBBDC3228B68D000E611AB /* XCDYouTubeVideoOperation.m */; };
		E4CBBDDB228B68D000E611AB /* XCDYouTubeDashManifestXML.m in Sources */ = {isa = PBXBuildFile; fileRef = E4CBBDC4228B68D000E611AB /* XCDYouTubeDashManifestXML.m */; };
		E4CBBDDC228B68D000E611AB /* XCDYouTubeVideo.m in Sources */ = {isa = PBXBuildFile; fileRef = E4CBBDC5228B68D000E611AB /* XCDYouTubeVideo.m */; };
		E4CBBDDD228B68D000E611AB /* XCDYouTubeVideoWebpage.m in Sources */ = {isa = PBXBuildFile; fileRef = E4CBBDCA228B68D000E611AB /* XCDYouTubeVideoWebpage.m */; };
		E4CBBDDE228B68D000E611AB /* XCDYouTubeLogger.m in Sources */ = {isa = PBXBuildFile; fileRef = E4CBBDCD228B68D000E611AB /* XCDYouTubeLogger.m */; };
		E4CBBDDF228B68D000E611AB /* XCDYouTubePlayerScript.m in Sources */ = {isa = PBXBuildFile; fileRef = E4CBBDCE228B68D000E611AB /* XCDYouTubePlayerScript.m */; };
		E4CBBDE0228B68D000E611AB /* XCDYouTubeVideoPlayerViewController.m in Sources */ = {isa = PBXBuildFile; fileRef = E4CBBDD4228B68D000E611AB /* XCDYouTubeVideoPlayerViewController.m */; };
		E4CBBDE1228B68D000E611AB /* XCDYouTubeClient.m in Sources */ = {isa = PBXBuildFile; fileRef = E4CBBDD5228B68D000E611AB /* XCDYouTubeClient.m */; };
		E4CBBDE2228B68D000E611AB /* XMLHTTPRequest.m in Sources */ = {isa = PBXBuildFile; fileRef = E4CBBDD8228B68D000E611AB /* XMLHTTPRequest.m */; };
/* End PBXBuildFile section */

/* Begin PBXCopyFilesBuildPhase section */
		8BDB9BC71B4289AE00EF9FEF /* CopyFiles */ = {
			isa = PBXCopyFilesBuildPhase;
			buildActionMask = 2147483647;
			dstPath = "include/$(PRODUCT_NAME)";
			dstSubfolderSpec = 16;
			files = (
			);
			runOnlyForDeploymentPostprocessing = 0;
		};
/* End PBXCopyFilesBuildPhase section */

/* Begin PBXFileReference section */
		53462DDD1F1FDBB6001DCD44 /* RCTYouTubeStandalone.h */ = {isa = PBXFileReference; fileEncoding = 4; lastKnownFileType = sourcecode.c.h; path = RCTYouTubeStandalone.h; sourceTree = SOURCE_ROOT; };
		53462DDE1F1FDBB6001DCD44 /* RCTYouTubeStandalone.m */ = {isa = PBXFileReference; fileEncoding = 4; lastKnownFileType = sourcecode.c.objc; path = RCTYouTubeStandalone.m; sourceTree = SOURCE_ROOT; };
		8B26A9121B428A53000C2690 /* YTPlayerView.h */ = {isa = PBXFileReference; fileEncoding = 4; lastKnownFileType = sourcecode.c.h; name = YTPlayerView.h; path = YTPlayerView/YTPlayerView.h; sourceTree = SOURCE_ROOT; };
		8B26A9131B428A53000C2690 /* YTPlayerView.m */ = {isa = PBXFileReference; fileEncoding = 4; lastKnownFileType = sourcecode.c.objc; name = YTPlayerView.m; path = YTPlayerView/YTPlayerView.m; sourceTree = SOURCE_ROOT; };
		8B26A9171B428AA2000C2690 /* RCTYouTube.h */ = {isa = PBXFileReference; fileEncoding = 4; lastKnownFileType = sourcecode.c.h; path = RCTYouTube.h; sourceTree = SOURCE_ROOT; };
		8B26A9181B428AA2000C2690 /* RCTYouTube.m */ = {isa = PBXFileReference; fileEncoding = 4; lastKnownFileType = sourcecode.c.objc; path = RCTYouTube.m; sourceTree = SOURCE_ROOT; };
		8B26A9191B428AA2000C2690 /* RCTYouTubeManager.h */ = {isa = PBXFileReference; fileEncoding = 4; lastKnownFileType = sourcecode.c.h; path = RCTYouTubeManager.h; sourceTree = SOURCE_ROOT; };
		8B26A91A1B428AA2000C2690 /* RCTYouTubeManager.m */ = {isa = PBXFileReference; fileEncoding = 4; lastKnownFileType = sourcecode.c.objc; path = RCTYouTubeManager.m; sourceTree = SOURCE_ROOT; };
		8BDB9BC91B4289AE00EF9FEF /* libRCTYouTube.a */ = {isa = PBXFileReference; explicitFileType = archive.ar; includeInIndex = 0; path = libRCTYouTube.a; sourceTree = BUILT_PRODUCTS_DIR; };
		E4CBBDC3228B68D000E611AB /* XCDYouTubeVideoOperation.m */ = {isa = PBXFileReference; fileEncoding = 4; lastKnownFileType = sourcecode.c.objc; path = XCDYouTubeVideoOperation.m; sourceTree = "<group>"; };
		E4CBBDC4228B68D000E611AB /* XCDYouTubeDashManifestXML.m */ = {isa = PBXFileReference; fileEncoding = 4; lastKnownFileType = sourcecode.c.objc; path = XCDYouTubeDashManifestXML.m; sourceTree = "<group>"; };
		E4CBBDC5228B68D000E611AB /* XCDYouTubeVideo.m */ = {isa = PBXFileReference; fileEncoding = 4; lastKnownFileType = sourcecode.c.objc; path = XCDYouTubeVideo.m; sourceTree = "<group>"; };
		E4CBBDC6228B68D000E611AB /* XCDYouTubeClient.h */ = {isa = PBXFileReference; fileEncoding = 4; lastKnownFileType = sourcecode.c.h; path = XCDYouTubeClient.h; sourceTree = "<group>"; };
		E4CBBDC7228B68D000E611AB /* XCDYouTubeVideoPlayerViewController.h */ = {isa = PBXFileReference; fileEncoding = 4; lastKnownFileType = sourcecode.c.h; path = XCDYouTubeVideoPlayerViewController.h; sourceTree = "<group>"; };
		E4CBBDC8228B68D000E611AB /* XCDYouTubeLogger+Private.h */ = {isa = PBXFileReference; fileEncoding = 4; lastKnownFileType = sourcecode.c.h; path = "XCDYouTubeLogger+Private.h"; sourceTree = "<group>"; };
		E4CBBDC9228B68D000E611AB /* XCDYouTubeError.h */ = {isa = PBXFileReference; fileEncoding = 4; lastKnownFileType = sourcecode.c.h; path = XCDYouTubeError.h; sourceTree = "<group>"; };
		E4CBBDCA228B68D000E611AB /* XCDYouTubeVideoWebpage.m */ = {isa = PBXFileReference; fileEncoding = 4; lastKnownFileType = sourcecode.c.objc; path = XCDYouTubeVideoWebpage.m; sourceTree = "<group>"; };
		E4CBBDCB228B68D000E611AB /* XCDYouTubeVideo+Private.h */ = {isa = PBXFileReference; fileEncoding = 4; lastKnownFileType = sourcecode.c.h; path = "XCDYouTubeVideo+Private.h"; sourceTree = "<group>"; };
		E4CBBDCC228B68D000E611AB /* XMLHTTPRequest.h */ = {isa = PBXFileReference; fileEncoding = 4; lastKnownFileType = sourcecode.c.h; path = XMLHTTPRequest.h; sourceTree = "<group>"; };
		E4CBBDCD228B68D000E611AB /* XCDYouTubeLogger.m */ = {isa = PBXFileReference; fileEncoding = 4; lastKnownFileType = sourcecode.c.objc; path = XCDYouTubeLogger.m; sourceTree = "<group>"; };
		E4CBBDCE228B68D000E611AB /* XCDYouTubePlayerScript.m */ = {isa = PBXFileReference; fileEncoding = 4; lastKnownFileType = sourcecode.c.objc; path = XCDYouTubePlayerScript.m; sourceTree = "<group>"; };
		E4CBBDCF228B68D000E611AB /* XCDYouTubeOperation.h */ = {isa = PBXFileReference; fileEncoding = 4; lastKnownFileType = sourcecode.c.h; path = XCDYouTubeOperation.h; sourceTree = "<group>"; };
		E4CBBDD0228B68D000E611AB /* XCDYouTubeVideo.h */ = {isa = PBXFileReference; fileEncoding = 4; lastKnownFileType = sourcecode.c.h; path = XCDYouTubeVideo.h; sourceTree = "<group>"; };
		E4CBBDD1228B68D000E611AB /* XCDYouTubeDashManifestXML.h */ = {isa = PBXFileReference; fileEncoding = 4; lastKnownFileType = sourcecode.c.h; path = XCDYouTubeDashManifestXML.h; sourceTree = "<group>"; };
		E4CBBDD2228B68D000E611AB /* XCDYouTubeVideoOperation.h */ = {isa = PBXFileReference; fileEncoding = 4; lastKnownFileType = sourcecode.c.h; path = XCDYouTubeVideoOperation.h; sourceTree = "<group>"; };
		E4CBBDD3228B68D000E611AB /* XCDYouTubeKit.h */ = {isa = PBXFileReference; fileEncoding = 4; lastKnownFileType = sourcecode.c.h; path = XCDYouTubeKit.h; sourceTree = "<group>"; };
		E4CBBDD4228B68D000E611AB /* XCDYouTubeVideoPlayerViewController.m */ = {isa = PBXFileReference; fileEncoding = 4; lastKnownFileType = sourcecode.c.objc; path = XCDYouTubeVideoPlayerViewController.m; sourceTree = "<group>"; };
		E4CBBDD5228B68D000E611AB /* XCDYouTubeClient.m */ = {isa = PBXFileReference; fileEncoding = 4; lastKnownFileType = sourcecode.c.objc; path = XCDYouTubeClient.m; sourceTree = "<group>"; };
		E4CBBDD6228B68D000E611AB /* XCDYouTubePlayerScript.h */ = {isa = PBXFileReference; fileEncoding = 4; lastKnownFileType = sourcecode.c.h; path = XCDYouTubePlayerScript.h; sourceTree = "<group>"; };
		E4CBBDD7228B68D000E611AB /* XCDYouTubeLogger.h */ = {isa = PBXFileReference; fileEncoding = 4; lastKnownFileType = sourcecode.c.h; path = XCDYouTubeLogger.h; sourceTree = "<group>"; };
		E4CBBDD8228B68D000E611AB /* XMLHTTPRequest.m */ = {isa = PBXFileReference; fileEncoding = 4; lastKnownFileType = sourcecode.c.objc; path = XMLHTTPRequest.m; sourceTree = "<group>"; };
		E4CBBDD9228B68D000E611AB /* XCDYouTubeVideoWebpage.h */ = {isa = PBXFileReference; fileEncoding = 4; lastKnownFileType = sourcecode.c.h; path = XCDYouTubeVideoWebpage.h; sourceTree = "<group>"; };
/* End PBXFileReference section */

/* Begin PBXFrameworksBuildPhase section */
		8BDB9BC61B4289AE00EF9FEF /* Frameworks */ = {
			isa = PBXFrameworksBuildPhase;
			buildActionMask = 2147483647;
			files = (
			);
			runOnlyForDeploymentPostprocessing = 0;
		};
/* End PBXFrameworksBuildPhase section */

/* Begin PBXGroup section */
		8B26A9151B428A59000C2690 /* YTPlayerView */ = {
			isa = PBXGroup;
			children = (
				8B26A9121B428A53000C2690 /* YTPlayerView.h */,
				8B26A9131B428A53000C2690 /* YTPlayerView.m */,
			);
			name = YTPlayerView;
			sourceTree = "<group>";
		};
		8BDB9BC01B4289AE00EF9FEF = {
			isa = PBXGroup;
			children = (
				8BDB9BCB1B4289AE00EF9FEF /* RCTYouTube */,
				8BDB9BCA1B4289AE00EF9FEF /* Products */,
			);
			sourceTree = "<group>";
		};
		8BDB9BCA1B4289AE00EF9FEF /* Products */ = {
			isa = PBXGroup;
			children = (
				8BDB9BC91B4289AE00EF9FEF /* libRCTYouTube.a */,
			);
			name = Products;
			sourceTree = "<group>";
		};
		8BDB9BCB1B4289AE00EF9FEF /* RCTYouTube */ = {
			isa = PBXGroup;
			children = (
				E4CBBDC2228B68D000E611AB /* XCDYouTubeKit */,
				53462DDD1F1FDBB6001DCD44 /* RCTYouTubeStandalone.h */,
				53462DDE1F1FDBB6001DCD44 /* RCTYouTubeStandalone.m */,
				8B26A9151B428A59000C2690 /* YTPlayerView */,
				8B26A9171B428AA2000C2690 /* RCTYouTube.h */,
				8B26A9181B428AA2000C2690 /* RCTYouTube.m */,
				8B26A9191B428AA2000C2690 /* RCTYouTubeManager.h */,
				8B26A91A1B428AA2000C2690 /* RCTYouTubeManager.m */,
			);
			path = RCTYouTube;
			sourceTree = "<group>";
		};
		E4CBBDC2228B68D000E611AB /* XCDYouTubeKit */ = {
			isa = PBXGroup;
			children = (
				E4CBBDC3228B68D000E611AB /* XCDYouTubeVideoOperation.m */,
				E4CBBDC4228B68D000E611AB /* XCDYouTubeDashManifestXML.m */,
				E4CBBDC5228B68D000E611AB /* XCDYouTubeVideo.m */,
				E4CBBDC6228B68D000E611AB /* XCDYouTubeClient.h */,
				E4CBBDC7228B68D000E611AB /* XCDYouTubeVideoPlayerViewController.h */,
				E4CBBDC8228B68D000E611AB /* XCDYouTubeLogger+Private.h */,
				E4CBBDC9228B68D000E611AB /* XCDYouTubeError.h */,
				E4CBBDCA228B68D000E611AB /* XCDYouTubeVideoWebpage.m */,
				E4CBBDCB228B68D000E611AB /* XCDYouTubeVideo+Private.h */,
				E4CBBDCC228B68D000E611AB /* XMLHTTPRequest.h */,
				E4CBBDCD228B68D000E611AB /* XCDYouTubeLogger.m */,
				E4CBBDCE228B68D000E611AB /* XCDYouTubePlayerScript.m */,
				E4CBBDCF228B68D000E611AB /* XCDYouTubeOperation.h */,
				E4CBBDD0228B68D000E611AB /* XCDYouTubeVideo.h */,
				E4CBBDD1228B68D000E611AB /* XCDYouTubeDashManifestXML.h */,
				E4CBBDD2228B68D000E611AB /* XCDYouTubeVideoOperation.h */,
				E4CBBDD3228B68D000E611AB /* XCDYouTubeKit.h */,
				E4CBBDD4228B68D000E611AB /* XCDYouTubeVideoPlayerViewController.m */,
				E4CBBDD5228B68D000E611AB /* XCDYouTubeClient.m */,
				E4CBBDD6228B68D000E611AB /* XCDYouTubePlayerScript.h */,
				E4CBBDD7228B68D000E611AB /* XCDYouTubeLogger.h */,
				E4CBBDD8228B68D000E611AB /* XMLHTTPRequest.m */,
				E4CBBDD9228B68D000E611AB /* XCDYouTubeVideoWebpage.h */,
			);
			path = XCDYouTubeKit;
			sourceTree = SOURCE_ROOT;
		};
/* End PBXGroup section */

/* Begin PBXNativeTarget section */
		8BDB9BC81B4289AE00EF9FEF /* RCTYouTube */ = {
			isa = PBXNativeTarget;
			buildConfigurationList = 8BDB9BDD1B4289AE00EF9FEF /* Build configuration list for PBXNativeTarget "RCTYouTube" */;
			buildPhases = (
				8BDB9BC51B4289AE00EF9FEF /* Sources */,
				8BDB9BC61B4289AE00EF9FEF /* Frameworks */,
				8BDB9BC71B4289AE00EF9FEF /* CopyFiles */,
			);
			buildRules = (
			);
			dependencies = (
			);
			name = RCTYouTube;
			productName = RCTYouTube;
			productReference = 8BDB9BC91B4289AE00EF9FEF /* libRCTYouTube.a */;
			productType = "com.apple.product-type.library.static";
		};
/* End PBXNativeTarget section */

/* Begin PBXProject section */
		8BDB9BC11B4289AE00EF9FEF /* Project object */ = {
			isa = PBXProject;
			attributes = {
				LastUpgradeCheck = 0830;
				ORGANIZATIONNAME = React;
				TargetAttributes = {
					8BDB9BC81B4289AE00EF9FEF = {
						CreatedOnToolsVersion = 6.3.2;
					};
				};
			};
			buildConfigurationList = 8BDB9BC41B4289AE00EF9FEF /* Build configuration list for PBXProject "RCTYouTube" */;
			compatibilityVersion = "Xcode 3.2";
			developmentRegion = English;
			hasScannedForEncodings = 0;
			knownRegions = (
				English,
				en,
			);
			mainGroup = 8BDB9BC01B4289AE00EF9FEF;
			productRefGroup = 8BDB9BCA1B4289AE00EF9FEF /* Products */;
			projectDirPath = "";
			projectRoot = "";
			targets = (
				8BDB9BC81B4289AE00EF9FEF /* RCTYouTube */,
			);
		};
/* End PBXProject section */

/* Begin PBXSourcesBuildPhase section */
		8BDB9BC51B4289AE00EF9FEF /* Sources */ = {
			isa = PBXSourcesBuildPhase;
			buildActionMask = 2147483647;
			files = (
				E4CBBDDC228B68D000E611AB /* XCDYouTubeVideo.m in Sources */,
				E4CBBDDD228B68D000E611AB /* XCDYouTubeVideoWebpage.m in Sources */,
				E4CBBDDA228B68D000E611AB /* XCDYouTubeVideoOperation.m in Sources */,
				E4CBBDDF228B68D000E611AB /* XCDYouTubePlayerScript.m in Sources */,
				E4CBBDE1228B68D000E611AB /* XCDYouTubeClient.m in Sources */,
				E4CBBDE0228B68D000E611AB /* XCDYouTubeVideoPlayerViewController.m in Sources */,
				E4CBBDDE228B68D000E611AB /* XCDYouTubeLogger.m in Sources */,
				E4CBBDE2228B68D000E611AB /* XMLHTTPRequest.m in Sources */,
				53462DDF1F1FDBB6001DCD44 /* RCTYouTubeStandalone.m in Sources */,
				8B26A91C1B428AA2000C2690 /* RCTYouTubeManager.m in Sources */,
				8B26A9141B428A53000C2690 /* YTPlayerView.m in Sources */,
				E4CBBDDB228B68D000E611AB /* XCDYouTubeDashManifestXML.m in Sources */,
				8B26A91B1B428AA2000C2690 /* RCTYouTube.m in Sources */,
			);
			runOnlyForDeploymentPostprocessing = 0;
		};
/* End PBXSourcesBuildPhase section */

/* Begin XCBuildConfiguration section */
		8BDB9BDB1B4289AE00EF9FEF /* Debug */ = {
			isa = XCBuildConfiguration;
			buildSettings = {
				ALWAYS_SEARCH_USER_PATHS = NO;
				CLANG_CXX_LANGUAGE_STANDARD = "gnu++0x";
				CLANG_CXX_LIBRARY = "libc++";
				CLANG_ENABLE_MODULES = YES;
				CLANG_ENABLE_OBJC_ARC = YES;
				CLANG_WARN_BOOL_CONVERSION = YES;
				CLANG_WARN_CONSTANT_CONVERSION = YES;
				CLANG_WARN_DIRECT_OBJC_ISA_USAGE = YES_ERROR;
				CLANG_WARN_EMPTY_BODY = YES;
				CLANG_WARN_ENUM_CONVERSION = YES;
				CLANG_WARN_INFINITE_RECURSION = YES;
				CLANG_WARN_INT_CONVERSION = YES;
				CLANG_WARN_OBJC_ROOT_CLASS = YES_ERROR;
				CLANG_WARN_SUSPICIOUS_MOVE = YES;
				CLANG_WARN_UNREACHABLE_CODE = YES;
				CLANG_WARN__DUPLICATE_METHOD_MATCH = YES;
				COPY_PHASE_STRIP = NO;
				DEBUG_INFORMATION_FORMAT = "dwarf-with-dsym";
				ENABLE_STRICT_OBJC_MSGSEND = YES;
				ENABLE_TESTABILITY = YES;
				GCC_C_LANGUAGE_STANDARD = gnu99;
				GCC_DYNAMIC_NO_PIC = NO;
				GCC_NO_COMMON_BLOCKS = YES;
				GCC_OPTIMIZATION_LEVEL = 0;
				GCC_PREPROCESSOR_DEFINITIONS = (
					"DEBUG=1",
					"$(inherited)",
				);
				GCC_SYMBOLS_PRIVATE_EXTERN = NO;
				GCC_WARN_64_TO_32_BIT_CONVERSION = YES;
				GCC_WARN_ABOUT_RETURN_TYPE = YES_ERROR;
				GCC_WARN_UNDECLARED_SELECTOR = YES;
				GCC_WARN_UNINITIALIZED_AUTOS = YES_AGGRESSIVE;
				GCC_WARN_UNUSED_FUNCTION = YES;
				GCC_WARN_UNUSED_VARIABLE = YES;
				HEADER_SEARCH_PATHS = (
					"$(inherited)",
					/Applications/Xcode.app/Contents/Developer/Toolchains/XcodeDefault.xctoolchain/usr/include,
				);
				IPHONEOS_DEPLOYMENT_TARGET = 8.0;
				MTL_ENABLE_DEBUG_INFO = YES;
				ONLY_ACTIVE_ARCH = YES;
				SDKROOT = iphoneos;
			};
			name = Debug;
		};
		8BDB9BDC1B4289AE00EF9FEF /* Release */ = {
			isa = XCBuildConfiguration;
			buildSettings = {
				ALWAYS_SEARCH_USER_PATHS = NO;
				CLANG_CXX_LANGUAGE_STANDARD = "gnu++0x";
				CLANG_CXX_LIBRARY = "libc++";
				CLANG_ENABLE_MODULES = YES;
				CLANG_ENABLE_OBJC_ARC = YES;
				CLANG_WARN_BOOL_CONVERSION = YES;
				CLANG_WARN_CONSTANT_CONVERSION = YES;
				CLANG_WARN_DIRECT_OBJC_ISA_USAGE = YES_ERROR;
				CLANG_WARN_EMPTY_BODY = YES;
				CLANG_WARN_ENUM_CONVERSION = YES;
				CLANG_WARN_INFINITE_RECURSION = YES;
				CLANG_WARN_INT_CONVERSION = YES;
				CLANG_WARN_OBJC_ROOT_CLASS = YES_ERROR;
				CLANG_WARN_SUSPICIOUS_MOVE = YES;
				CLANG_WARN_UNREACHABLE_CODE = YES;
				CLANG_WARN__DUPLICATE_METHOD_MATCH = YES;
				COPY_PHASE_STRIP = NO;
				DEBUG_INFORMATION_FORMAT = "dwarf-with-dsym";
				ENABLE_NS_ASSERTIONS = NO;
				ENABLE_STRICT_OBJC_MSGSEND = YES;
				GCC_C_LANGUAGE_STANDARD = gnu99;
				GCC_NO_COMMON_BLOCKS = YES;
				GCC_WARN_64_TO_32_BIT_CONVERSION = YES;
				GCC_WARN_ABOUT_RETURN_TYPE = YES_ERROR;
				GCC_WARN_UNDECLARED_SELECTOR = YES;
				GCC_WARN_UNINITIALIZED_AUTOS = YES_AGGRESSIVE;
				GCC_WARN_UNUSED_FUNCTION = YES;
				GCC_WARN_UNUSED_VARIABLE = YES;
				HEADER_SEARCH_PATHS = (
					"$(inherited)",
					/Applications/Xcode.app/Contents/Developer/Toolchains/XcodeDefault.xctoolchain/usr/include,
				);
				IPHONEOS_DEPLOYMENT_TARGET = 8.0;
				MTL_ENABLE_DEBUG_INFO = NO;
				SDKROOT = iphoneos;
				VALIDATE_PRODUCT = YES;
			};
			name = Release;
		};
		8BDB9BDE1B4289AE00EF9FEF /* Debug */ = {
			isa = XCBuildConfiguration;
			buildSettings = {
				FRAMEWORK_SEARCH_PATHS = (
					"$(inherited)",
					"$(SRCROOT)/../../ios/**",
				);
				HEADER_SEARCH_PATHS = (
					"$(inherited)",
					/Applications/Xcode.app/Contents/Developer/Toolchains/XcodeDefault.xctoolchain/usr/include,
					"$(SRCROOT)/../react-native/React/**",
					"$(SRCROOT)/../react-native/React/**/**",
					"$(SRCROOT)/../../ios/Pods/Headers/Public",
				);
				OTHER_LDFLAGS = "-ObjC";
				PRODUCT_NAME = "$(TARGET_NAME)";
				SKIP_INSTALL = YES;
				USER_HEADER_SEARCH_PATHS = "";
			};
			name = Debug;
		};
		8BDB9BDF1B4289AE00EF9FEF /* Release */ = {
			isa = XCBuildConfiguration;
			buildSettings = {
				FRAMEWORK_SEARCH_PATHS = (
					"$(inherited)",
					"$(SRCROOT)/../../ios/**",
				);
				HEADER_SEARCH_PATHS = (
					"$(inherited)",
					/Applications/Xcode.app/Contents/Developer/Toolchains/XcodeDefault.xctoolchain/usr/include,
					"$(SRCROOT)/../react-native/React/**",
					"$(SRCROOT)/../react-native/React/**/**",
					"$(SRCROOT)/../../ios/Pods/Headers/Public",
				);
				OTHER_LDFLAGS = "-ObjC";
				PRODUCT_NAME = "$(TARGET_NAME)";
				SKIP_INSTALL = YES;
				USER_HEADER_SEARCH_PATHS = "";
			};
			name = Release;
		};
/* End XCBuildConfiguration section */

/* Begin XCConfigurationList section */
		8BDB9BC41B4289AE00EF9FEF /* Build configuration list for PBXProject "RCTYouTube" */ = {
			isa = XCConfigurationList;
			buildConfigurations = (
				8BDB9BDB1B4289AE00EF9FEF /* Debug */,
				8BDB9BDC1B4289AE00EF9FEF /* Release */,
			);
			defaultConfigurationIsVisible = 0;
			defaultConfigurationName = Release;
		};
		8BDB9BDD1B4289AE00EF9FEF /* Build configuration list for PBXNativeTarget "RCTYouTube" */ = {
			isa = XCConfigurationList;
			buildConfigurations = (
				8BDB9BDE1B4289AE00EF9FEF /* Debug */,
				8BDB9BDF1B4289AE00EF9FEF /* Release */,
			);
			defaultConfigurationIsVisible = 0;
			defaultConfigurationName = Release;
		};
/* End XCConfigurationList section */
	};
	rootObject = 8BDB9BC11B4289AE00EF9FEF /* Project object */;
}
